
Microsoft Visual Studio Solution File, Format Version 12.00
# Visual Studio 15
VisualStudioVersion = 15.0.27703.2035
MinimumVisualStudioVersion = 10.0.40219.1
Project("{FAE04EC0-301F-11D3-BF4B-00C04F79EFBC}") = "AutoconfigurationEmail.Core", "AutoconfigurationEmail.Core\AutoconfigurationEmail.Core.csproj", "{1EAF36BF-0A8F-4FF2-AED4-75F964825628}"
EndProject
Project("{FAE04EC0-301F-11D3-BF4B-00C04F79EFBC}") = "AutoconfigurationEmail.Client", "AutoconfigurationEmail.Client\AutoconfigurationEmail.Client.csproj", "{70753A31-DAE3-4A22-B349-D25A01DB65B0}"
EndProject
Global
	GlobalSection(SolutionConfigurationPlatforms) = preSolution
		Debug|Any CPU = Debug|Any CPU
		Release|Any CPU = Release|Any CPU
	EndGlobalSection
	GlobalSection(ProjectConfigurationPlatforms) = postSolution
		{1EAF36BF-0A8F-4FF2-AED4-75F964825628}.Debug|Any CPU.ActiveCfg = Debug|Any CPU
		{1EAF36BF-0A8F-4FF2-AED4-75F964825628}.Debug|Any CPU.Build.0 = Debug|Any CPU
		{1EAF36BF-0A8F-4FF2-AED4-75F964825628}.Release|Any CPU.ActiveCfg = Release|Any CPU
		{1EAF36BF-0A8F-4FF2-AED4-75F964825628}.Release|Any CPU.Build.0 = Release|Any CPU
		{70753A31-DAE3-4A22-B349-D25A01DB65B0}.Debug|Any CPU.ActiveCfg = Debug|Any CPU
		{70753A31-DAE3-4A22-B349-D25A01DB65B0}.Debug|Any CPU.Build.0 = Debug|Any CPU
		{70753A31-DAE3-4A22-B349-D25A01DB65B0}.Release|Any CPU.ActiveCfg = Release|Any CPU
		{70753A31-DAE3-4A22-B349-D25A01DB65B0}.Release|Any CPU.Build.0 = Release|Any CPU
	EndGlobalSection
	GlobalSection(SolutionProperties) = preSolution
		HideSolutionNode = FALSE
	EndGlobalSection
	GlobalSection(ExtensibilityGlobals) = postSolution
		SolutionGuid = {A8682E5D-3A89-4784-AEE4-E2C533A04C48}
	EndGlobalSection
EndGlobal
